
Microsoft Visual Studio Solution File, Format Version 12.00
# Visual Studio Version 16
VisualStudioVersion = 16.0.30413.136
MinimumVisualStudioVersion = 10.0.40219.1
Project("{9A19103F-16F7-4668-BE54-9A1E7A4F7556}") = "Patterns", "Patterns\Patterns.csproj", "{45F15AEA-1130-44AA-A452-3F11D56456B0}"
EndProject
Project("{2150E333-8FDC-42A3-9474-1A3956D46DE8}") = "Singleton", "Singleton", "{A5C8CFDB-9332-462A-B599-E9A7EAD4310F}"
EndProject
Project("{9A19103F-16F7-4668-BE54-9A1E7A4F7556}") = "SingletonPattern", "SingletonPattern\SingletonPattern.csproj", "{D4EDE80B-56C0-44BE-9C2B-EFAC62DE3325}"
EndProject
Project("{2150E333-8FDC-42A3-9474-1A3956D46DE8}") = "Builder", "Builder", "{7282944D-7345-4EE1-87FD-4E88D487498C}"
EndProject
Project("{9A19103F-16F7-4668-BE54-9A1E7A4F7556}") = "BuilderPattern", "BuilderPattern\BuilderPattern.csproj", "{5657CCEA-1180-425E-8086-4F7F97C3CF34}"
EndProject
Project("{2150E333-8FDC-42A3-9474-1A3956D46DE8}") = "Prototype", "Prototype", "{DD50D90F-E683-4F78-9A78-F4DDB9D97C14}"
EndProject
Project("{9A19103F-16F7-4668-BE54-9A1E7A4F7556}") = "PrototypePattern", "PrototypePattern\PrototypePattern.csproj", "{8A566ABB-4CC0-4837-A0E9-4C1A32D1D5DB}"
EndProject
Project("{2150E333-8FDC-42A3-9474-1A3956D46DE8}") = "Factory", "Factory", "{F4290B6E-587C-45BC-9FD6-C9CE70584397}"
EndProject
Project("{9A19103F-16F7-4668-BE54-9A1E7A4F7556}") = "FactoryPattern", "FactoryPattern\FactoryPattern.csproj", "{B30FBDB6-A9F8-4178-984E-FDFD955D6E34}"
EndProject
Project("{2150E333-8FDC-42A3-9474-1A3956D46DE8}") = "AbstractFactory", "AbstractFactory", "{45DD1A13-E47A-4015-A4F0-43AA4B78DF1D}"
EndProject
Project("{9A19103F-16F7-4668-BE54-9A1E7A4F7556}") = "AbstractFactoryPattern", "AbstractFactoryPattern\AbstractFactoryPattern.csproj", "{FC6BBBD9-3A91-4F65-BD11-8708AC09E0BF}"
EndProject
Project("{2150E333-8FDC-42A3-9474-1A3956D46DE8}") = "FluentInterface", "FluentInterface", "{74707012-C399-471A-8830-E140268C09E0}"
EndProject
Project("{FAE04EC0-301F-11D3-BF4B-00C04F79EFBC}") = "FluentInterfacePattern", "FluentInterfacePattern\FluentInterfacePattern.csproj", "{00514C73-E33C-44AD-A140-54C6FC1E977B}"
EndProject
Project("{2150E333-8FDC-42A3-9474-1A3956D46DE8}") = "Creational", "Creational", "{6F9C0970-E23D-4763-887D-9AF0D0549FB3}"
EndProject
Project("{2150E333-8FDC-42A3-9474-1A3956D46DE8}") = "Structural", "Structural", "{2EDD39D8-5115-4E65-800D-61D2C30C4896}"
EndProject
Project("{2150E333-8FDC-42A3-9474-1A3956D46DE8}") = "Behavioral", "Behavioral", "{1AEE571B-1C5D-4A84-8047-EF2A914050D8}"
EndProject
Global
	GlobalSection(SolutionConfigurationPlatforms) = preSolution
		Debug|Any CPU = Debug|Any CPU
		Release|Any CPU = Release|Any CPU
	EndGlobalSection
	GlobalSection(ProjectConfigurationPlatforms) = postSolution
		{45F15AEA-1130-44AA-A452-3F11D56456B0}.Debug|Any CPU.ActiveCfg = Debug|Any CPU
		{45F15AEA-1130-44AA-A452-3F11D56456B0}.Debug|Any CPU.Build.0 = Debug|Any CPU
		{45F15AEA-1130-44AA-A452-3F11D56456B0}.Release|Any CPU.ActiveCfg = Release|Any CPU
		{45F15AEA-1130-44AA-A452-3F11D56456B0}.Release|Any CPU.Build.0 = Release|Any CPU
		{D4EDE80B-56C0-44BE-9C2B-EFAC62DE3325}.Debug|Any CPU.ActiveCfg = Debug|Any CPU
		{D4EDE80B-56C0-44BE-9C2B-EFAC62DE3325}.Debug|Any CPU.Build.0 = Debug|Any CPU
		{D4EDE80B-56C0-44BE-9C2B-EFAC62DE3325}.Release|Any CPU.ActiveCfg = Release|Any CPU
		{D4EDE80B-56C0-44BE-9C2B-EFAC62DE3325}.Release|Any CPU.Build.0 = Release|Any CPU
		{5657CCEA-1180-425E-8086-4F7F97C3CF34}.Debug|Any CPU.ActiveCfg = Debug|Any CPU
		{5657CCEA-1180-425E-8086-4F7F97C3CF34}.Debug|Any CPU.Build.0 = Debug|Any CPU
		{5657CCEA-1180-425E-8086-4F7F97C3CF34}.Release|Any CPU.ActiveCfg = Release|Any CPU
		{5657CCEA-1180-425E-8086-4F7F97C3CF34}.Release|Any CPU.Build.0 = Release|Any CPU
		{8A566ABB-4CC0-4837-A0E9-4C1A32D1D5DB}.Debug|Any CPU.ActiveCfg = Debug|Any CPU
		{8A566ABB-4CC0-4837-A0E9-4C1A32D1D5DB}.Debug|Any CPU.Build.0 = Debug|Any CPU
		{8A566ABB-4CC0-4837-A0E9-4C1A32D1D5DB}.Release|Any CPU.ActiveCfg = Release|Any CPU
		{8A566ABB-4CC0-4837-A0E9-4C1A32D1D5DB}.Release|Any CPU.Build.0 = Release|Any CPU
		{B30FBDB6-A9F8-4178-984E-FDFD955D6E34}.Debug|Any CPU.ActiveCfg = Debug|Any CPU
		{B30FBDB6-A9F8-4178-984E-FDFD955D6E34}.Debug|Any CPU.Build.0 = Debug|Any CPU
		{B30FBDB6-A9F8-4178-984E-FDFD955D6E34}.Release|Any CPU.ActiveCfg = Release|Any CPU
		{B30FBDB6-A9F8-4178-984E-FDFD955D6E34}.Release|Any CPU.Build.0 = Release|Any CPU
		{FC6BBBD9-3A91-4F65-BD11-8708AC09E0BF}.Debug|Any CPU.ActiveCfg = Debug|Any CPU
		{FC6BBBD9-3A91-4F65-BD11-8708AC09E0BF}.Debug|Any CPU.Build.0 = Debug|Any CPU
		{FC6BBBD9-3A91-4F65-BD11-8708AC09E0BF}.Release|Any CPU.ActiveCfg = Release|Any CPU
		{FC6BBBD9-3A91-4F65-BD11-8708AC09E0BF}.Release|Any CPU.Build.0 = Release|Any CPU
		{00514C73-E33C-44AD-A140-54C6FC1E977B}.Debug|Any CPU.ActiveCfg = Debug|Any CPU
		{00514C73-E33C-44AD-A140-54C6FC1E977B}.Debug|Any CPU.Build.0 = Debug|Any CPU
		{00514C73-E33C-44AD-A140-54C6FC1E977B}.Release|Any CPU.ActiveCfg = Release|Any CPU
		{00514C73-E33C-44AD-A140-54C6FC1E977B}.Release|Any CPU.Build.0 = Release|Any CPU
	EndGlobalSection
	GlobalSection(SolutionProperties) = preSolution
		HideSolutionNode = FALSE
	EndGlobalSection
	GlobalSection(NestedProjects) = preSolution
		{A5C8CFDB-9332-462A-B599-E9A7EAD4310F} = {6F9C0970-E23D-4763-887D-9AF0D0549FB3}
		{D4EDE80B-56C0-44BE-9C2B-EFAC62DE3325} = {A5C8CFDB-9332-462A-B599-E9A7EAD4310F}
		{7282944D-7345-4EE1-87FD-4E88D487498C} = {6F9C0970-E23D-4763-887D-9AF0D0549FB3}
		{5657CCEA-1180-425E-8086-4F7F97C3CF34} = {7282944D-7345-4EE1-87FD-4E88D487498C}
		{DD50D90F-E683-4F78-9A78-F4DDB9D97C14} = {6F9C0970-E23D-4763-887D-9AF0D0549FB3}
		{8A566ABB-4CC0-4837-A0E9-4C1A32D1D5DB} = {DD50D90F-E683-4F78-9A78-F4DDB9D97C14}
		{F4290B6E-587C-45BC-9FD6-C9CE70584397} = {6F9C0970-E23D-4763-887D-9AF0D0549FB3}
		{B30FBDB6-A9F8-4178-984E-FDFD955D6E34} = {F4290B6E-587C-45BC-9FD6-C9CE70584397}
		{45DD1A13-E47A-4015-A4F0-43AA4B78DF1D} = {6F9C0970-E23D-4763-887D-9AF0D0549FB3}
		{FC6BBBD9-3A91-4F65-BD11-8708AC09E0BF} = {45DD1A13-E47A-4015-A4F0-43AA4B78DF1D}
		{74707012-C399-471A-8830-E140268C09E0} = {6F9C0970-E23D-4763-887D-9AF0D0549FB3}
		{00514C73-E33C-44AD-A140-54C6FC1E977B} = {74707012-C399-471A-8830-E140268C09E0}
	EndGlobalSection
	GlobalSection(ExtensibilityGlobals) = postSolution
		SolutionGuid = {B19E7F9E-D92F-4FA5-A706-74B4F08E2090}
	EndGlobalSection
EndGlobal
